
Microsoft Visual Studio Solution File, Format Version 12.00
# Visual Studio 14
VisualStudioVersion = 14.0.25420.1
MinimumVisualStudioVersion = 10.0.40219.1
Project("{FAE04EC0-301F-11D3-BF4B-00C04F79EFBC}") = "ProductsShop.Models", "ProductsShop.Models\ProductsShop.Models.csproj", "{56A7AD8E-082D-495A-A860-CBDF16F8D8DF}"
EndProject
Project("{FAE04EC0-301F-11D3-BF4B-00C04F79EFBC}") = "ProductsShop.Data", "ProductsShop.Data\ProductsShop.Data.csproj", "{7EBA3C70-5389-49A6-9745-332493192099}"
EndProject
Project("{FAE04EC0-301F-11D3-BF4B-00C04F79EFBC}") = "ProductsShop.Client", "ProductsShop.Client\ProductsShop.Client.csproj", "{2C882719-32BB-46C0-8988-67A3AC9D101F}"
EndProject
Project("{FAE04EC0-301F-11D3-BF4B-00C04F79EFBC}") = "ProductsShop.XML_Client", "ProductsShop.XML_Client\ProductsShop.XML_Client.csproj", "{634A598E-C7C8-4714-B6A7-65289242EEAD}"
EndProject
Global
	GlobalSection(SolutionConfigurationPlatforms) = preSolution
		Debug|Any CPU = Debug|Any CPU
		Release|Any CPU = Release|Any CPU
	EndGlobalSection
	GlobalSection(ProjectConfigurationPlatforms) = postSolution
		{56A7AD8E-082D-495A-A860-CBDF16F8D8DF}.Debug|Any CPU.ActiveCfg = Debug|Any CPU
		{56A7AD8E-082D-495A-A860-CBDF16F8D8DF}.Debug|Any CPU.Build.0 = Debug|Any CPU
		{56A7AD8E-082D-495A-A860-CBDF16F8D8DF}.Release|Any CPU.ActiveCfg = Release|Any CPU
		{56A7AD8E-082D-495A-A860-CBDF16F8D8DF}.Release|Any CPU.Build.0 = Release|Any CPU
		{7EBA3C70-5389-49A6-9745-332493192099}.Debug|Any CPU.ActiveCfg = Debug|Any CPU
		{7EBA3C70-5389-49A6-9745-332493192099}.Debug|Any CPU.Build.0 = Debug|Any CPU
		{7EBA3C70-5389-49A6-9745-332493192099}.Release|Any CPU.ActiveCfg = Release|Any CPU
		{7EBA3C70-5389-49A6-9745-332493192099}.Release|Any CPU.Build.0 = Release|Any CPU
		{2C882719-32BB-46C0-8988-67A3AC9D101F}.Debug|Any CPU.ActiveCfg = Debug|Any CPU
		{2C882719-32BB-46C0-8988-67A3AC9D101F}.Debug|Any CPU.Build.0 = Debug|Any CPU
		{2C882719-32BB-46C0-8988-67A3AC9D101F}.Release|Any CPU.ActiveCfg = Release|Any CPU
		{2C882719-32BB-46C0-8988-67A3AC9D101F}.Release|Any CPU.Build.0 = Release|Any CPU
		{634A598E-C7C8-4714-B6A7-65289242EEAD}.Debug|Any CPU.ActiveCfg = Debug|Any CPU
		{634A598E-C7C8-4714-B6A7-65289242EEAD}.Debug|Any CPU.Build.0 = Debug|Any CPU
		{634A598E-C7C8-4714-B6A7-65289242EEAD}.Release|Any CPU.ActiveCfg = Release|Any CPU
		{634A598E-C7C8-4714-B6A7-65289242EEAD}.Release|Any CPU.Build.0 = Release|Any CPU
	EndGlobalSection
	GlobalSection(SolutionProperties) = preSolution
		HideSolutionNode = FALSE
	EndGlobalSection
EndGlobal
