
Microsoft Visual Studio Solution File, Format Version 12.00
# Visual Studio 14
VisualStudioVersion = 14.0.25123.0
MinimumVisualStudioVersion = 10.0.40219.1
Project("{FAE04EC0-301F-11D3-BF4B-00C04F79EFBC}") = "01.Gringotts_Database", "01.Gringotts_Database\01.Gringotts_Database.csproj", "{2B91E266-A648-4314-85EF-9E92FD85499B}"
EndProject
Project("{FAE04EC0-301F-11D3-BF4B-00C04F79EFBC}") = "02.UserDB", "02.UserDB\02.UserDB.csproj", "{CDAC91E0-03D3-4932-AEED-8C06EDB2F2C1}"
EndProject
Project("{FAE04EC0-301F-11D3-BF4B-00C04F79EFBC}") = "03.Hotel_Database", "03.Hotel_Database\03.Hotel_Database.csproj", "{47E3A679-3AE9-4F0E-88A2-99BAE28B547E}"
EndProject
Project("{FAE04EC0-301F-11D3-BF4B-00C04F79EFBC}") = "03.SalesDatabase", "03.SalesDatabase\03.SalesDatabase.csproj", "{33D42B36-9C99-4002-A843-725669F08A89}"
EndProject
Project("{FAE04EC0-301F-11D3-BF4B-00C04F79EFBC}") = "HospitalDatabase", "HospitalDatabase\HospitalDatabase.csproj", "{8E9001DB-D5A4-4636-A322-7C4A022B3018}"
EndProject
Global
	GlobalSection(SolutionConfigurationPlatforms) = preSolution
		Debug|Any CPU = Debug|Any CPU
		Release|Any CPU = Release|Any CPU
	EndGlobalSection
	GlobalSection(ProjectConfigurationPlatforms) = postSolution
		{2B91E266-A648-4314-85EF-9E92FD85499B}.Debug|Any CPU.ActiveCfg = Debug|Any CPU
		{2B91E266-A648-4314-85EF-9E92FD85499B}.Debug|Any CPU.Build.0 = Debug|Any CPU
		{2B91E266-A648-4314-85EF-9E92FD85499B}.Release|Any CPU.ActiveCfg = Release|Any CPU
		{2B91E266-A648-4314-85EF-9E92FD85499B}.Release|Any CPU.Build.0 = Release|Any CPU
		{CDAC91E0-03D3-4932-AEED-8C06EDB2F2C1}.Debug|Any CPU.ActiveCfg = Debug|Any CPU
		{CDAC91E0-03D3-4932-AEED-8C06EDB2F2C1}.Debug|Any CPU.Build.0 = Debug|Any CPU
		{CDAC91E0-03D3-4932-AEED-8C06EDB2F2C1}.Release|Any CPU.ActiveCfg = Release|Any CPU
		{CDAC91E0-03D3-4932-AEED-8C06EDB2F2C1}.Release|Any CPU.Build.0 = Release|Any CPU
		{47E3A679-3AE9-4F0E-88A2-99BAE28B547E}.Debug|Any CPU.ActiveCfg = Debug|Any CPU
		{47E3A679-3AE9-4F0E-88A2-99BAE28B547E}.Debug|Any CPU.Build.0 = Debug|Any CPU
		{47E3A679-3AE9-4F0E-88A2-99BAE28B547E}.Release|Any CPU.ActiveCfg = Release|Any CPU
		{47E3A679-3AE9-4F0E-88A2-99BAE28B547E}.Release|Any CPU.Build.0 = Release|Any CPU
		{33D42B36-9C99-4002-A843-725669F08A89}.Debug|Any CPU.ActiveCfg = Debug|Any CPU
		{33D42B36-9C99-4002-A843-725669F08A89}.Debug|Any CPU.Build.0 = Debug|Any CPU
		{33D42B36-9C99-4002-A843-725669F08A89}.Release|Any CPU.ActiveCfg = Release|Any CPU
		{33D42B36-9C99-4002-A843-725669F08A89}.Release|Any CPU.Build.0 = Release|Any CPU
		{8E9001DB-D5A4-4636-A322-7C4A022B3018}.Debug|Any CPU.ActiveCfg = Debug|Any CPU
		{8E9001DB-D5A4-4636-A322-7C4A022B3018}.Debug|Any CPU.Build.0 = Debug|Any CPU
		{8E9001DB-D5A4-4636-A322-7C4A022B3018}.Release|Any CPU.ActiveCfg = Release|Any CPU
		{8E9001DB-D5A4-4636-A322-7C4A022B3018}.Release|Any CPU.Build.0 = Release|Any CPU
	EndGlobalSection
	GlobalSection(SolutionProperties) = preSolution
		HideSolutionNode = FALSE
	EndGlobalSection
EndGlobal
