
Microsoft Visual Studio Solution File, Format Version 12.00
# Visual Studio 14
VisualStudioVersion = 14.0.25123.0
MinimumVisualStudioVersion = 10.0.40219.1
Project("{FAE04EC0-301F-11D3-BF4B-00C04F79EFBC}") = "StudentSystem.Models", "StudentSystem.Models\StudentSystem.Models.csproj", "{03049431-01C2-434A-944C-9839BA46F4A4}"
EndProject
Project("{FAE04EC0-301F-11D3-BF4B-00C04F79EFBC}") = "StudentSystem.Data", "StudentSystem.Data\StudentSystem.Data.csproj", "{AC4C38DB-6213-4FCF-8B10-C52A5372040D}"
EndProject
Project("{FAE04EC0-301F-11D3-BF4B-00C04F79EFBC}") = "StudentSystem.Client", "StudentSystem.Client\StudentSystem.Client.csproj", "{497B5512-46B7-412B-A631-285143D421E2}"
EndProject
Global
	GlobalSection(SolutionConfigurationPlatforms) = preSolution
		Debug|Any CPU = Debug|Any CPU
		Release|Any CPU = Release|Any CPU
	EndGlobalSection
	GlobalSection(ProjectConfigurationPlatforms) = postSolution
		{03049431-01C2-434A-944C-9839BA46F4A4}.Debug|Any CPU.ActiveCfg = Debug|Any CPU
		{03049431-01C2-434A-944C-9839BA46F4A4}.Debug|Any CPU.Build.0 = Debug|Any CPU
		{03049431-01C2-434A-944C-9839BA46F4A4}.Release|Any CPU.ActiveCfg = Release|Any CPU
		{03049431-01C2-434A-944C-9839BA46F4A4}.Release|Any CPU.Build.0 = Release|Any CPU
		{AC4C38DB-6213-4FCF-8B10-C52A5372040D}.Debug|Any CPU.ActiveCfg = Debug|Any CPU
		{AC4C38DB-6213-4FCF-8B10-C52A5372040D}.Debug|Any CPU.Build.0 = Debug|Any CPU
		{AC4C38DB-6213-4FCF-8B10-C52A5372040D}.Release|Any CPU.ActiveCfg = Release|Any CPU
		{AC4C38DB-6213-4FCF-8B10-C52A5372040D}.Release|Any CPU.Build.0 = Release|Any CPU
		{497B5512-46B7-412B-A631-285143D421E2}.Debug|Any CPU.ActiveCfg = Debug|Any CPU
		{497B5512-46B7-412B-A631-285143D421E2}.Debug|Any CPU.Build.0 = Debug|Any CPU
		{497B5512-46B7-412B-A631-285143D421E2}.Release|Any CPU.ActiveCfg = Release|Any CPU
		{497B5512-46B7-412B-A631-285143D421E2}.Release|Any CPU.Build.0 = Release|Any CPU
	EndGlobalSection
	GlobalSection(SolutionProperties) = preSolution
		HideSolutionNode = FALSE
	EndGlobalSection
EndGlobal
